// !$*UTF8*$!
{
	archiveVersion = 1;
	classes = {
	};
	objectVersion = 56;
	objects = {

/* Begin PBXBuildFile section */
		6904AB06295645DC002D03A1 /* AppDelegate.swift in Sources */ = {isa = PBXBuildFile; fileRef = 6904AB05295645DC002D03A1 /* AppDelegate.swift */; };
		6904AB08295645DC002D03A1 /* SceneDelegate.swift in Sources */ = {isa = PBXBuildFile; fileRef = 6904AB07295645DC002D03A1 /* SceneDelegate.swift */; };
		6904AB0D295645DC002D03A1 /* Main.storyboard in Resources */ = {isa = PBXBuildFile; fileRef = 6904AB0B295645DC002D03A1 /* Main.storyboard */; };
		6904AB10295645DC002D03A1 /* Chat.xcdatamodeld in Sources */ = {isa = PBXBuildFile; fileRef = 6904AB0E295645DC002D03A1 /* Chat.xcdatamodeld */; };
		6904AB12295645DD002D03A1 /* Assets.xcassets in Resources */ = {isa = PBXBuildFile; fileRef = 6904AB11295645DD002D03A1 /* Assets.xcassets */; };
		6904AB15295645DD002D03A1 /* LaunchScreen.storyboard in Resources */ = {isa = PBXBuildFile; fileRef = 6904AB13295645DD002D03A1 /* LaunchScreen.storyboard */; };
		6904AB562956487A002D03A1 /* Make circler.swift in Sources */ = {isa = PBXBuildFile; fileRef = 6904AB552956487A002D03A1 /* Make circler.swift */; };
		6904AB582956489A002D03A1 /* SignInViewController.swift in Sources */ = {isa = PBXBuildFile; fileRef = 6904AB572956489A002D03A1 /* SignInViewController.swift */; };
		6904AB5A295648AB002D03A1 /* SignUpViewController.swift in Sources */ = {isa = PBXBuildFile; fileRef = 6904AB59295648AB002D03A1 /* SignUpViewController.swift */; };
		6904AB5C295648D9002D03A1 /* MainViewController.swift in Sources */ = {isa = PBXBuildFile; fileRef = 6904AB5B295648D9002D03A1 /* MainViewController.swift */; };
		6904AB5E29564A92002D03A1 /* GoogleService-Info.plist in Resources */ = {isa = PBXBuildFile; fileRef = 6904AB5D29564A92002D03A1 /* GoogleService-Info.plist */; };
		6904AB6029564D13002D03A1 /* UsersViewController.swift in Sources */ = {isa = PBXBuildFile; fileRef = 6904AB5F29564D13002D03A1 /* UsersViewController.swift */; };
		6904AB6629565987002D03A1 /* TabBarController.swift in Sources */ = {isa = PBXBuildFile; fileRef = 6904AB6529565987002D03A1 /* TabBarController.swift */; };
		6904AB6A2956FDED002D03A1 /* ProfileViewController.swift in Sources */ = {isa = PBXBuildFile; fileRef = 6904AB692956FDED002D03A1 /* ProfileViewController.swift */; };
		6904AB6D29576601002D03A1 /* FirebaseManager.swift in Sources */ = {isa = PBXBuildFile; fileRef = 6904AB6C29576601002D03A1 /* FirebaseManager.swift */; };
		69228713296572B80097B7A8 /* Conversation.swift in Sources */ = {isa = PBXBuildFile; fileRef = 69228712296572B80097B7A8 /* Conversation.swift */; };
		69228715296574A30097B7A8 /* ChatManager.swift in Sources */ = {isa = PBXBuildFile; fileRef = 69228714296574A30097B7A8 /* ChatManager.swift */; };
		6922871B29669C310097B7A8 /* NVActivityIndicatorView in Frameworks */ = {isa = PBXBuildFile; productRef = 6922871A29669C310097B7A8 /* NVActivityIndicatorView */; };
		6922871D29669C310097B7A8 /* NVActivityIndicatorViewExtended in Frameworks */ = {isa = PBXBuildFile; productRef = 6922871C29669C310097B7A8 /* NVActivityIndicatorViewExtended */; };
		692287202966A07F0097B7A8 /* FirebaseAnalytics in Frameworks */ = {isa = PBXBuildFile; productRef = 6922871F2966A07F0097B7A8 /* FirebaseAnalytics */; };
		692287222966A07F0097B7A8 /* FirebaseAnalyticsOnDeviceConversion in Frameworks */ = {isa = PBXBuildFile; productRef = 692287212966A07F0097B7A8 /* FirebaseAnalyticsOnDeviceConversion */; };
		692287242966A07F0097B7A8 /* FirebaseAnalyticsSwift in Frameworks */ = {isa = PBXBuildFile; productRef = 692287232966A07F0097B7A8 /* FirebaseAnalyticsSwift */; };
		692287262966A07F0097B7A8 /* FirebaseAnalyticsWithoutAdIdSupport in Frameworks */ = {isa = PBXBuildFile; productRef = 692287252966A07F0097B7A8 /* FirebaseAnalyticsWithoutAdIdSupport */; };
		692287282966A07F0097B7A8 /* FirebaseAppCheck in Frameworks */ = {isa = PBXBuildFile; productRef = 692287272966A07F0097B7A8 /* FirebaseAppCheck */; };
		6922872A2966A07F0097B7A8 /* FirebaseAppDistribution-Beta in Frameworks */ = {isa = PBXBuildFile; productRef = 692287292966A07F0097B7A8 /* FirebaseAppDistribution-Beta */; };
		6922872C2966A07F0097B7A8 /* FirebaseAuth in Frameworks */ = {isa = PBXBuildFile; productRef = 6922872B2966A07F0097B7A8 /* FirebaseAuth */; };
		6922872E2966A07F0097B7A8 /* FirebaseAuthCombine-Community in Frameworks */ = {isa = PBXBuildFile; productRef = 6922872D2966A07F0097B7A8 /* FirebaseAuthCombine-Community */; };
		692287302966A07F0097B7A8 /* FirebaseCrashlytics in Frameworks */ = {isa = PBXBuildFile; productRef = 6922872F2966A07F0097B7A8 /* FirebaseCrashlytics */; };
		692287322966A07F0097B7A8 /* FirebaseDatabase in Frameworks */ = {isa = PBXBuildFile; productRef = 692287312966A07F0097B7A8 /* FirebaseDatabase */; };
		692287342966A07F0097B7A8 /* FirebaseDatabaseSwift in Frameworks */ = {isa = PBXBuildFile; productRef = 692287332966A07F0097B7A8 /* FirebaseDatabaseSwift */; };
		692287362966A07F0097B7A8 /* FirebaseDynamicLinks in Frameworks */ = {isa = PBXBuildFile; productRef = 692287352966A07F0097B7A8 /* FirebaseDynamicLinks */; };
		692287382966A07F0097B7A8 /* FirebaseFirestore in Frameworks */ = {isa = PBXBuildFile; productRef = 692287372966A07F0097B7A8 /* FirebaseFirestore */; };
		6922873A2966A07F0097B7A8 /* FirebaseFirestoreCombine-Community in Frameworks */ = {isa = PBXBuildFile; productRef = 692287392966A07F0097B7A8 /* FirebaseFirestoreCombine-Community */; };
		6922873C2966A07F0097B7A8 /* FirebaseFirestoreSwift in Frameworks */ = {isa = PBXBuildFile; productRef = 6922873B2966A07F0097B7A8 /* FirebaseFirestoreSwift */; };
		6922873E2966A07F0097B7A8 /* FirebaseFunctions in Frameworks */ = {isa = PBXBuildFile; productRef = 6922873D2966A07F0097B7A8 /* FirebaseFunctions */; };
		692287402966A07F0097B7A8 /* FirebaseFunctionsCombine-Community in Frameworks */ = {isa = PBXBuildFile; productRef = 6922873F2966A07F0097B7A8 /* FirebaseFunctionsCombine-Community */; };
		692287422966A07F0097B7A8 /* FirebaseInAppMessaging-Beta in Frameworks */ = {isa = PBXBuildFile; productRef = 692287412966A07F0097B7A8 /* FirebaseInAppMessaging-Beta */; };
		692287442966A07F0097B7A8 /* FirebaseInAppMessagingSwift-Beta in Frameworks */ = {isa = PBXBuildFile; productRef = 692287432966A07F0097B7A8 /* FirebaseInAppMessagingSwift-Beta */; };
		692287462966A07F0097B7A8 /* FirebaseInstallations in Frameworks */ = {isa = PBXBuildFile; productRef = 692287452966A07F0097B7A8 /* FirebaseInstallations */; };
		692287482966A07F0097B7A8 /* FirebaseMLModelDownloader in Frameworks */ = {isa = PBXBuildFile; productRef = 692287472966A07F0097B7A8 /* FirebaseMLModelDownloader */; };
		6922874A2966A07F0097B7A8 /* FirebaseMessaging in Frameworks */ = {isa = PBXBuildFile; productRef = 692287492966A07F0097B7A8 /* FirebaseMessaging */; };
		6922874C2966A07F0097B7A8 /* FirebasePerformance in Frameworks */ = {isa = PBXBuildFile; productRef = 6922874B2966A07F0097B7A8 /* FirebasePerformance */; };
		6922874E2966A07F0097B7A8 /* FirebaseRemoteConfig in Frameworks */ = {isa = PBXBuildFile; productRef = 6922874D2966A07F0097B7A8 /* FirebaseRemoteConfig */; };
		692287502966A07F0097B7A8 /* FirebaseRemoteConfigSwift in Frameworks */ = {isa = PBXBuildFile; productRef = 6922874F2966A07F0097B7A8 /* FirebaseRemoteConfigSwift */; };
		692287522966A07F0097B7A8 /* FirebaseStorage in Frameworks */ = {isa = PBXBuildFile; productRef = 692287512966A07F0097B7A8 /* FirebaseStorage */; };
		692287542966A07F0097B7A8 /* FirebaseStorageCombine-Community in Frameworks */ = {isa = PBXBuildFile; productRef = 692287532966A07F0097B7A8 /* FirebaseStorageCombine-Community */; };
		6922875729673C7B0097B7A8 /* IQKeyboardManagerSwift in Frameworks */ = {isa = PBXBuildFile; productRef = 6922875629673C7B0097B7A8 /* IQKeyboardManagerSwift */; };
		6931D8E2296074F70076CBC0 /* ChatTableViewCell.swift in Sources */ = {isa = PBXBuildFile; fileRef = 6931D8E1296074F70076CBC0 /* ChatTableViewCell.swift */; };
		693DF1DA296063B200DA3396 /* UserTableViewCell.swift in Sources */ = {isa = PBXBuildFile; fileRef = 693DF1D9296063B200DA3396 /* UserTableViewCell.swift */; };
		695D090C295F58C10037A31C /* convert image.swift in Sources */ = {isa = PBXBuildFile; fileRef = 695D090B295F58C10037A31C /* convert image.swift */; };
		697FEB462960A9A90011EB31 /* ChatMessage.swift in Sources */ = {isa = PBXBuildFile; fileRef = 697FEB452960A9A90011EB31 /* ChatMessage.swift */; };
		699C14EA295C0E78005B41CF /* ChatUser.swift in Sources */ = {isa = PBXBuildFile; fileRef = 699C14E9295C0E78005B41CF /* ChatUser.swift */; };
		69BF009D295F69F500DC2BAB /* NewMessageViewController.swift in Sources */ = {isa = PBXBuildFile; fileRef = 69BF009C295F69F500DC2BAB /* NewMessageViewController.swift */; };
		69C1B195295F8D9F008FE353 /* NewUserTableViewCell.swift in Sources */ = {isa = PBXBuildFile; fileRef = 69C1B194295F8D9F008FE353 /* NewUserTableViewCell.swift */; };
		69C1B19A295FA1E3008FE353 /* ChatViewController.swift in Sources */ = {isa = PBXBuildFile; fileRef = 69C1B199295FA1E3008FE353 /* ChatViewController.swift */; };
		69E97DEA2961D1F00032F756 /* Firebase conestants.swift in Sources */ = {isa = PBXBuildFile; fileRef = 69E97DE92961D1F00032F756 /* Firebase conestants.swift */; };
/* End PBXBuildFile section */

/* Begin PBXFileReference section */
		6904AB02295645DC002D03A1 /* Chat.app */ = {isa = PBXFileReference; explicitFileType = wrapper.application; includeInIndex = 0; path = Chat.app; sourceTree = BUILT_PRODUCTS_DIR; };
		6904AB05295645DC002D03A1 /* AppDelegate.swift */ = {isa = PBXFileReference; lastKnownFileType = sourcecode.swift; path = AppDelegate.swift; sourceTree = "<group>"; };
		6904AB07295645DC002D03A1 /* SceneDelegate.swift */ = {isa = PBXFileReference; lastKnownFileType = sourcecode.swift; path = SceneDelegate.swift; sourceTree = "<group>"; };
		6904AB0C295645DC002D03A1 /* Base */ = {isa = PBXFileReference; lastKnownFileType = file.storyboard; name = Base; path = Base.lproj/Main.storyboard; sourceTree = "<group>"; };
		6904AB0F295645DC002D03A1 /* Chat.xcdatamodel */ = {isa = PBXFileReference; lastKnownFileType = wrapper.xcdatamodel; path = Chat.xcdatamodel; sourceTree = "<group>"; };
		6904AB11295645DD002D03A1 /* Assets.xcassets */ = {isa = PBXFileReference; lastKnownFileType = folder.assetcatalog; path = Assets.xcassets; sourceTree = "<group>"; };
		6904AB14295645DD002D03A1 /* Base */ = {isa = PBXFileReference; lastKnownFileType = file.storyboard; name = Base; path = Base.lproj/LaunchScreen.storyboard; sourceTree = "<group>"; };
		6904AB16295645DD002D03A1 /* Info.plist */ = {isa = PBXFileReference; lastKnownFileType = text.plist.xml; path = Info.plist; sourceTree = "<group>"; };
		6904AB552956487A002D03A1 /* Make circler.swift */ = {isa = PBXFileReference; lastKnownFileType = sourcecode.swift; path = "Make circler.swift"; sourceTree = "<group>"; };
		6904AB572956489A002D03A1 /* SignInViewController.swift */ = {isa = PBXFileReference; lastKnownFileType = sourcecode.swift; path = SignInViewController.swift; sourceTree = "<group>"; };
		6904AB59295648AB002D03A1 /* SignUpViewController.swift */ = {isa = PBXFileReference; lastKnownFileType = sourcecode.swift; path = SignUpViewController.swift; sourceTree = "<group>"; };
		6904AB5B295648D9002D03A1 /* MainViewController.swift */ = {isa = PBXFileReference; lastKnownFileType = sourcecode.swift; path = MainViewController.swift; sourceTree = "<group>"; };
		6904AB5D29564A92002D03A1 /* GoogleService-Info.plist */ = {isa = PBXFileReference; fileEncoding = 4; lastKnownFileType = text.plist.xml; path = "GoogleService-Info.plist"; sourceTree = "<group>"; };
		6904AB5F29564D13002D03A1 /* UsersViewController.swift */ = {isa = PBXFileReference; lastKnownFileType = sourcecode.swift; path = UsersViewController.swift; sourceTree = "<group>"; };
		6904AB6529565987002D03A1 /* TabBarController.swift */ = {isa = PBXFileReference; lastKnownFileType = sourcecode.swift; path = TabBarController.swift; sourceTree = "<group>"; };
		6904AB692956FDED002D03A1 /* ProfileViewController.swift */ = {isa = PBXFileReference; lastKnownFileType = sourcecode.swift; path = ProfileViewController.swift; sourceTree = "<group>"; };
		6904AB6C29576601002D03A1 /* FirebaseManager.swift */ = {isa = PBXFileReference; lastKnownFileType = sourcecode.swift; path = FirebaseManager.swift; sourceTree = "<group>"; };
		69228712296572B80097B7A8 /* Conversation.swift */ = {isa = PBXFileReference; lastKnownFileType = sourcecode.swift; path = Conversation.swift; sourceTree = "<group>"; };
		69228714296574A30097B7A8 /* ChatManager.swift */ = {isa = PBXFileReference; lastKnownFileType = sourcecode.swift; path = ChatManager.swift; sourceTree = "<group>"; };
		6931D8E1296074F70076CBC0 /* ChatTableViewCell.swift */ = {isa = PBXFileReference; lastKnownFileType = sourcecode.swift; path = ChatTableViewCell.swift; sourceTree = "<group>"; };
		693DF1D9296063B200DA3396 /* UserTableViewCell.swift */ = {isa = PBXFileReference; lastKnownFileType = sourcecode.swift; path = UserTableViewCell.swift; sourceTree = "<group>"; };
		695D090B295F58C10037A31C /* convert image.swift */ = {isa = PBXFileReference; lastKnownFileType = sourcecode.swift; path = "convert image.swift"; sourceTree = "<group>"; };
		697FEB452960A9A90011EB31 /* ChatMessage.swift */ = {isa = PBXFileReference; lastKnownFileType = sourcecode.swift; path = ChatMessage.swift; sourceTree = "<group>"; };
		699C14E9295C0E78005B41CF /* ChatUser.swift */ = {isa = PBXFileReference; lastKnownFileType = sourcecode.swift; path = ChatUser.swift; sourceTree = "<group>"; };
		69BF009C295F69F500DC2BAB /* NewMessageViewController.swift */ = {isa = PBXFileReference; lastKnownFileType = sourcecode.swift; path = NewMessageViewController.swift; sourceTree = "<group>"; };
		69C1B194295F8D9F008FE353 /* NewUserTableViewCell.swift */ = {isa = PBXFileReference; lastKnownFileType = sourcecode.swift; path = NewUserTableViewCell.swift; sourceTree = "<group>"; };
		69C1B199295FA1E3008FE353 /* ChatViewController.swift */ = {isa = PBXFileReference; lastKnownFileType = sourcecode.swift; path = ChatViewController.swift; sourceTree = "<group>"; };
		69E97DE92961D1F00032F756 /* Firebase conestants.swift */ = {isa = PBXFileReference; lastKnownFileType = sourcecode.swift; path = "Firebase conestants.swift"; sourceTree = "<group>"; };
/* End PBXFileReference section */

/* Begin PBXFrameworksBuildPhase section */
		6904AAFF295645DC002D03A1 /* Frameworks */ = {
			isa = PBXFrameworksBuildPhase;
			buildActionMask = 2147483647;
			files = (
				692287442966A07F0097B7A8 /* FirebaseInAppMessagingSwift-Beta in Frameworks */,
				692287342966A07F0097B7A8 /* FirebaseDatabaseSwift in Frameworks */,
				692287322966A07F0097B7A8 /* FirebaseDatabase in Frameworks */,
				692287482966A07F0097B7A8 /* FirebaseMLModelDownloader in Frameworks */,
				692287282966A07F0097B7A8 /* FirebaseAppCheck in Frameworks */,
				6922875729673C7B0097B7A8 /* IQKeyboardManagerSwift in Frameworks */,
				692287402966A07F0097B7A8 /* FirebaseFunctionsCombine-Community in Frameworks */,
				692287462966A07F0097B7A8 /* FirebaseInstallations in Frameworks */,
				6922874A2966A07F0097B7A8 /* FirebaseMessaging in Frameworks */,
				6922872C2966A07F0097B7A8 /* FirebaseAuth in Frameworks */,
				6922874E2966A07F0097B7A8 /* FirebaseRemoteConfig in Frameworks */,
				692287242966A07F0097B7A8 /* FirebaseAnalyticsSwift in Frameworks */,
				692287522966A07F0097B7A8 /* FirebaseStorage in Frameworks */,
				6922874C2966A07F0097B7A8 /* FirebasePerformance in Frameworks */,
				692287382966A07F0097B7A8 /* FirebaseFirestore in Frameworks */,
				6922871D29669C310097B7A8 /* NVActivityIndicatorViewExtended in Frameworks */,
				692287422966A07F0097B7A8 /* FirebaseInAppMessaging-Beta in Frameworks */,
				6922871B29669C310097B7A8 /* NVActivityIndicatorView in Frameworks */,
				692287222966A07F0097B7A8 /* FirebaseAnalyticsOnDeviceConversion in Frameworks */,
				692287502966A07F0097B7A8 /* FirebaseRemoteConfigSwift in Frameworks */,
				6922872E2966A07F0097B7A8 /* FirebaseAuthCombine-Community in Frameworks */,
				6922873E2966A07F0097B7A8 /* FirebaseFunctions in Frameworks */,
				692287262966A07F0097B7A8 /* FirebaseAnalyticsWithoutAdIdSupport in Frameworks */,
				692287542966A07F0097B7A8 /* FirebaseStorageCombine-Community in Frameworks */,
				6922873A2966A07F0097B7A8 /* FirebaseFirestoreCombine-Community in Frameworks */,
				692287202966A07F0097B7A8 /* FirebaseAnalytics in Frameworks */,
				692287302966A07F0097B7A8 /* FirebaseCrashlytics in Frameworks */,
				6922872A2966A07F0097B7A8 /* FirebaseAppDistribution-Beta in Frameworks */,
				692287362966A07F0097B7A8 /* FirebaseDynamicLinks in Frameworks */,
				6922873C2966A07F0097B7A8 /* FirebaseFirestoreSwift in Frameworks */,
			);
			runOnlyForDeploymentPostprocessing = 0;
		};
/* End PBXFrameworksBuildPhase section */

/* Begin PBXGroup section */
		6904AAF9295645DC002D03A1 = {
			isa = PBXGroup;
			children = (
				6904AB04295645DC002D03A1 /* Chat */,
				6904AB03295645DC002D03A1 /* Products */,
			);
			sourceTree = "<group>";
		};
		6904AB03295645DC002D03A1 /* Products */ = {
			isa = PBXGroup;
			children = (
				6904AB02295645DC002D03A1 /* Chat.app */,
			);
			name = Products;
			sourceTree = "<group>";
		};
		6904AB04295645DC002D03A1 /* Chat */ = {
			isa = PBXGroup;
			children = (
				6904AB05295645DC002D03A1 /* AppDelegate.swift */,
				6904AB07295645DC002D03A1 /* SceneDelegate.swift */,
				6904AB0B295645DC002D03A1 /* Main.storyboard */,
				6904AB11295645DD002D03A1 /* Assets.xcassets */,
				6904AB13295645DD002D03A1 /* LaunchScreen.storyboard */,
				6904AB16295645DD002D03A1 /* Info.plist */,
				6904AB0E295645DC002D03A1 /* Chat.xcdatamodeld */,
				6904AB5D29564A92002D03A1 /* GoogleService-Info.plist */,
				69C1B193295F8D7A008FE353 /* View */,
				6904AB6B295765D8002D03A1 /* Model */,
				6904AB5429564856002D03A1 /* Function */,
				6904AB532956484A002D03A1 /* Controller */,
			);
			path = Chat;
			sourceTree = "<group>";
		};
		6904AB532956484A002D03A1 /* Controller */ = {
			isa = PBXGroup;
			children = (
				6904AB572956489A002D03A1 /* SignInViewController.swift */,
				6904AB59295648AB002D03A1 /* SignUpViewController.swift */,
				6904AB5B295648D9002D03A1 /* MainViewController.swift */,
				6904AB5F29564D13002D03A1 /* UsersViewController.swift */,
				6904AB6529565987002D03A1 /* TabBarController.swift */,
				6904AB692956FDED002D03A1 /* ProfileViewController.swift */,
				69BF009C295F69F500DC2BAB /* NewMessageViewController.swift */,
				69C1B199295FA1E3008FE353 /* ChatViewController.swift */,
			);
			path = Controller;
			sourceTree = "<group>";
		};
		6904AB5429564856002D03A1 /* Function */ = {
			isa = PBXGroup;
			children = (
				6904AB552956487A002D03A1 /* Make circler.swift */,
				695D090B295F58C10037A31C /* convert image.swift */,
			);
			path = Function;
			sourceTree = "<group>";
		};
		6904AB6B295765D8002D03A1 /* Model */ = {
			isa = PBXGroup;
			children = (
				6904AB6C29576601002D03A1 /* FirebaseManager.swift */,
				69228714296574A30097B7A8 /* ChatManager.swift */,
				699C14E9295C0E78005B41CF /* ChatUser.swift */,
				697FEB452960A9A90011EB31 /* ChatMessage.swift */,
				69E97DE92961D1F00032F756 /* Firebase conestants.swift */,
				69228712296572B80097B7A8 /* Conversation.swift */,
			);
			path = Model;
			sourceTree = "<group>";
		};
		69C1B193295F8D7A008FE353 /* View */ = {
			isa = PBXGroup;
			children = (
				69C1B194295F8D9F008FE353 /* NewUserTableViewCell.swift */,
				693DF1D9296063B200DA3396 /* UserTableViewCell.swift */,
				6931D8E1296074F70076CBC0 /* ChatTableViewCell.swift */,
			);
			path = View;
			sourceTree = "<group>";
		};
/* End PBXGroup section */

/* Begin PBXNativeTarget section */
		6904AB01295645DC002D03A1 /* Chat */ = {
			isa = PBXNativeTarget;
			buildConfigurationList = 6904AB19295645DD002D03A1 /* Build configuration list for PBXNativeTarget "Chat" */;
			buildPhases = (
				6904AAFE295645DC002D03A1 /* Sources */,
				6904AAFF295645DC002D03A1 /* Frameworks */,
				6904AB00295645DC002D03A1 /* Resources */,
			);
			buildRules = (
			);
			dependencies = (
			);
			name = Chat;
			packageProductDependencies = (
				6922871A29669C310097B7A8 /* NVActivityIndicatorView */,
				6922871C29669C310097B7A8 /* NVActivityIndicatorViewExtended */,
				6922871F2966A07F0097B7A8 /* FirebaseAnalytics */,
				692287212966A07F0097B7A8 /* FirebaseAnalyticsOnDeviceConversion */,
				692287232966A07F0097B7A8 /* FirebaseAnalyticsSwift */,
				692287252966A07F0097B7A8 /* FirebaseAnalyticsWithoutAdIdSupport */,
				692287272966A07F0097B7A8 /* FirebaseAppCheck */,
				692287292966A07F0097B7A8 /* FirebaseAppDistribution-Beta */,
				6922872B2966A07F0097B7A8 /* FirebaseAuth */,
				6922872D2966A07F0097B7A8 /* FirebaseAuthCombine-Community */,
				6922872F2966A07F0097B7A8 /* FirebaseCrashlytics */,
				692287312966A07F0097B7A8 /* FirebaseDatabase */,
				692287332966A07F0097B7A8 /* FirebaseDatabaseSwift */,
				692287352966A07F0097B7A8 /* FirebaseDynamicLinks */,
				692287372966A07F0097B7A8 /* FirebaseFirestore */,
				692287392966A07F0097B7A8 /* FirebaseFirestoreCombine-Community */,
				6922873B2966A07F0097B7A8 /* FirebaseFirestoreSwift */,
				6922873D2966A07F0097B7A8 /* FirebaseFunctions */,
				6922873F2966A07F0097B7A8 /* FirebaseFunctionsCombine-Community */,
				692287412966A07F0097B7A8 /* FirebaseInAppMessaging-Beta */,
				692287432966A07F0097B7A8 /* FirebaseInAppMessagingSwift-Beta */,
				692287452966A07F0097B7A8 /* FirebaseInstallations */,
				692287472966A07F0097B7A8 /* FirebaseMLModelDownloader */,
				692287492966A07F0097B7A8 /* FirebaseMessaging */,
				6922874B2966A07F0097B7A8 /* FirebasePerformance */,
				6922874D2966A07F0097B7A8 /* FirebaseRemoteConfig */,
				6922874F2966A07F0097B7A8 /* FirebaseRemoteConfigSwift */,
				692287512966A07F0097B7A8 /* FirebaseStorage */,
				692287532966A07F0097B7A8 /* FirebaseStorageCombine-Community */,
				6922875629673C7B0097B7A8 /* IQKeyboardManagerSwift */,
			);
			productName = Chat;
			productReference = 6904AB02295645DC002D03A1 /* Chat.app */;
			productType = "com.apple.product-type.application";
		};
/* End PBXNativeTarget section */

/* Begin PBXProject section */
		6904AAFA295645DC002D03A1 /* Project object */ = {
			isa = PBXProject;
			attributes = {
				BuildIndependentTargetsInParallel = 1;
				LastSwiftUpdateCheck = 1420;
				LastUpgradeCheck = 1420;
				TargetAttributes = {
					6904AB01295645DC002D03A1 = {
						CreatedOnToolsVersion = 14.2;
					};
				};
			};
			buildConfigurationList = 6904AAFD295645DC002D03A1 /* Build configuration list for PBXProject "Chat" */;
			compatibilityVersion = "Xcode 14.0";
			developmentRegion = en;
			hasScannedForEncodings = 0;
			knownRegions = (
				en,
				Base,
			);
			mainGroup = 6904AAF9295645DC002D03A1;
			packageReferences = (
				6922871929669C310097B7A8 /* XCRemoteSwiftPackageReference "NVActivityIndicatorView" */,
				6922871E2966A07F0097B7A8 /* XCRemoteSwiftPackageReference "firebase-ios-sdk" */,
				6922875529673C7B0097B7A8 /* XCRemoteSwiftPackageReference "IQKeyboardManager" */,
			);
			productRefGroup = 6904AB03295645DC002D03A1 /* Products */;
			projectDirPath = "";
			projectRoot = "";
			targets = (
				6904AB01295645DC002D03A1 /* Chat */,
			);
		};
/* End PBXProject section */

/* Begin PBXResourcesBuildPhase section */
		6904AB00295645DC002D03A1 /* Resources */ = {
			isa = PBXResourcesBuildPhase;
			buildActionMask = 2147483647;
			files = (
				6904AB15295645DD002D03A1 /* LaunchScreen.storyboard in Resources */,
				6904AB12295645DD002D03A1 /* Assets.xcassets in Resources */,
				6904AB0D295645DC002D03A1 /* Main.storyboard in Resources */,
				6904AB5E29564A92002D03A1 /* GoogleService-Info.plist in Resources */,
			);
			runOnlyForDeploymentPostprocessing = 0;
		};
/* End PBXResourcesBuildPhase section */

/* Begin PBXSourcesBuildPhase section */
		6904AAFE295645DC002D03A1 /* Sources */ = {
			isa = PBXSourcesBuildPhase;
			buildActionMask = 2147483647;
			files = (
				6904AB5C295648D9002D03A1 /* MainViewController.swift in Sources */,
				6904AB6D29576601002D03A1 /* FirebaseManager.swift in Sources */,
				695D090C295F58C10037A31C /* convert image.swift in Sources */,
				6904AB562956487A002D03A1 /* Make circler.swift in Sources */,
				69C1B195295F8D9F008FE353 /* NewUserTableViewCell.swift in Sources */,
				6931D8E2296074F70076CBC0 /* ChatTableViewCell.swift in Sources */,
				6904AB6A2956FDED002D03A1 /* ProfileViewController.swift in Sources */,
				69E97DEA2961D1F00032F756 /* Firebase conestants.swift in Sources */,
				6904AB6029564D13002D03A1 /* UsersViewController.swift in Sources */,
				69BF009D295F69F500DC2BAB /* NewMessageViewController.swift in Sources */,
				6904AB6629565987002D03A1 /* TabBarController.swift in Sources */,
				693DF1DA296063B200DA3396 /* UserTableViewCell.swift in Sources */,
				6904AB5A295648AB002D03A1 /* SignUpViewController.swift in Sources */,
				69228715296574A30097B7A8 /* ChatManager.swift in Sources */,
				69C1B19A295FA1E3008FE353 /* ChatViewController.swift in Sources */,
				6904AB582956489A002D03A1 /* SignInViewController.swift in Sources */,
				699C14EA295C0E78005B41CF /* ChatUser.swift in Sources */,
				6904AB10295645DC002D03A1 /* Chat.xcdatamodeld in Sources */,
				697FEB462960A9A90011EB31 /* ChatMessage.swift in Sources */,
				69228713296572B80097B7A8 /* Conversation.swift in Sources */,
				6904AB06295645DC002D03A1 /* AppDelegate.swift in Sources */,
				6904AB08295645DC002D03A1 /* SceneDelegate.swift in Sources */,
			);
			runOnlyForDeploymentPostprocessing = 0;
		};
/* End PBXSourcesBuildPhase section */

/* Begin PBXVariantGroup section */
		6904AB0B295645DC002D03A1 /* Main.storyboard */ = {
			isa = PBXVariantGroup;
			children = (
				6904AB0C295645DC002D03A1 /* Base */,
			);
			name = Main.storyboard;
			sourceTree = "<group>";
		};
		6904AB13295645DD002D03A1 /* LaunchScreen.storyboard */ = {
			isa = PBXVariantGroup;
			children = (
				6904AB14295645DD002D03A1 /* Base */,
			);
			name = LaunchScreen.storyboard;
			sourceTree = "<group>";
		};
/* End PBXVariantGroup section */

/* Begin XCBuildConfiguration section */
		6904AB17295645DD002D03A1 /* Debug */ = {
			isa = XCBuildConfiguration;
			buildSettings = {
				ALWAYS_SEARCH_USER_PATHS = NO;
				CLANG_ANALYZER_NONNULL = YES;
				CLANG_ANALYZER_NUMBER_OBJECT_CONVERSION = YES_AGGRESSIVE;
				CLANG_CXX_LANGUAGE_STANDARD = "gnu++20";
				CLANG_ENABLE_MODULES = YES;
				CLANG_ENABLE_OBJC_ARC = YES;
				CLANG_ENABLE_OBJC_WEAK = YES;
				CLANG_WARN_BLOCK_CAPTURE_AUTORELEASING = YES;
				CLANG_WARN_BOOL_CONVERSION = YES;
				CLANG_WARN_COMMA = YES;
				CLANG_WARN_CONSTANT_CONVERSION = YES;
				CLANG_WARN_DEPRECATED_OBJC_IMPLEMENTATIONS = YES;
				CLANG_WARN_DIRECT_OBJC_ISA_USAGE = YES_ERROR;
				CLANG_WARN_DOCUMENTATION_COMMENTS = YES;
				CLANG_WARN_EMPTY_BODY = YES;
				CLANG_WARN_ENUM_CONVERSION = YES;
				CLANG_WARN_INFINITE_RECURSION = YES;
				CLANG_WARN_INT_CONVERSION = YES;
				CLANG_WARN_NON_LITERAL_NULL_CONVERSION = YES;
				CLANG_WARN_OBJC_IMPLICIT_RETAIN_SELF = YES;
				CLANG_WARN_OBJC_LITERAL_CONVERSION = YES;
				CLANG_WARN_OBJC_ROOT_CLASS = YES_ERROR;
				CLANG_WARN_QUOTED_INCLUDE_IN_FRAMEWORK_HEADER = YES;
				CLANG_WARN_RANGE_LOOP_ANALYSIS = YES;
				CLANG_WARN_STRICT_PROTOTYPES = YES;
				CLANG_WARN_SUSPICIOUS_MOVE = YES;
				CLANG_WARN_UNGUARDED_AVAILABILITY = YES_AGGRESSIVE;
				CLANG_WARN_UNREACHABLE_CODE = YES;
				CLANG_WARN__DUPLICATE_METHOD_MATCH = YES;
				COPY_PHASE_STRIP = NO;
				DEBUG_INFORMATION_FORMAT = dwarf;
				ENABLE_STRICT_OBJC_MSGSEND = YES;
				ENABLE_TESTABILITY = YES;
				GCC_C_LANGUAGE_STANDARD = gnu11;
				GCC_DYNAMIC_NO_PIC = NO;
				GCC_NO_COMMON_BLOCKS = YES;
				GCC_OPTIMIZATION_LEVEL = 0;
				GCC_PREPROCESSOR_DEFINITIONS = (
					"DEBUG=1",
					"$(inherited)",
				);
				GCC_WARN_64_TO_32_BIT_CONVERSION = YES;
				GCC_WARN_ABOUT_RETURN_TYPE = YES_ERROR;
				GCC_WARN_UNDECLARED_SELECTOR = YES;
				GCC_WARN_UNINITIALIZED_AUTOS = YES_AGGRESSIVE;
				GCC_WARN_UNUSED_FUNCTION = YES;
				GCC_WARN_UNUSED_VARIABLE = YES;
				IPHONEOS_DEPLOYMENT_TARGET = 16.2;
				MTL_ENABLE_DEBUG_INFO = INCLUDE_SOURCE;
				MTL_FAST_MATH = YES;
				ONLY_ACTIVE_ARCH = YES;
				SDKROOT = iphoneos;
				SWIFT_ACTIVE_COMPILATION_CONDITIONS = DEBUG;
				SWIFT_OPTIMIZATION_LEVEL = "-Onone";
			};
			name = Debug;
		};
		6904AB18295645DD002D03A1 /* Release */ = {
			isa = XCBuildConfiguration;
			buildSettings = {
				ALWAYS_SEARCH_USER_PATHS = NO;
				CLANG_ANALYZER_NONNULL = YES;
				CLANG_ANALYZER_NUMBER_OBJECT_CONVERSION = YES_AGGRESSIVE;
				CLANG_CXX_LANGUAGE_STANDARD = "gnu++20";
				CLANG_ENABLE_MODULES = YES;
				CLANG_ENABLE_OBJC_ARC = YES;
				CLANG_ENABLE_OBJC_WEAK = YES;
				CLANG_WARN_BLOCK_CAPTURE_AUTORELEASING = YES;
				CLANG_WARN_BOOL_CONVERSION = YES;
				CLANG_WARN_COMMA = YES;
				CLANG_WARN_CONSTANT_CONVERSION = YES;
				CLANG_WARN_DEPRECATED_OBJC_IMPLEMENTATIONS = YES;
				CLANG_WARN_DIRECT_OBJC_ISA_USAGE = YES_ERROR;
				CLANG_WARN_DOCUMENTATION_COMMENTS = YES;
				CLANG_WARN_EMPTY_BODY = YES;
				CLANG_WARN_ENUM_CONVERSION = YES;
				CLANG_WARN_INFINITE_RECURSION = YES;
				CLANG_WARN_INT_CONVERSION = YES;
				CLANG_WARN_NON_LITERAL_NULL_CONVERSION = YES;
				CLANG_WARN_OBJC_IMPLICIT_RETAIN_SELF = YES;
				CLANG_WARN_OBJC_LITERAL_CONVERSION = YES;
				CLANG_WARN_OBJC_ROOT_CLASS = YES_ERROR;
				CLANG_WARN_QUOTED_INCLUDE_IN_FRAMEWORK_HEADER = YES;
				CLANG_WARN_RANGE_LOOP_ANALYSIS = YES;
				CLANG_WARN_STRICT_PROTOTYPES = YES;
				CLANG_WARN_SUSPICIOUS_MOVE = YES;
				CLANG_WARN_UNGUARDED_AVAILABILITY = YES_AGGRESSIVE;
				CLANG_WARN_UNREACHABLE_CODE = YES;
				CLANG_WARN__DUPLICATE_METHOD_MATCH = YES;
				COPY_PHASE_STRIP = NO;
				DEBUG_INFORMATION_FORMAT = "dwarf-with-dsym";
				ENABLE_NS_ASSERTIONS = NO;
				ENABLE_STRICT_OBJC_MSGSEND = YES;
				GCC_C_LANGUAGE_STANDARD = gnu11;
				GCC_NO_COMMON_BLOCKS = YES;
				GCC_WARN_64_TO_32_BIT_CONVERSION = YES;
				GCC_WARN_ABOUT_RETURN_TYPE = YES_ERROR;
				GCC_WARN_UNDECLARED_SELECTOR = YES;
				GCC_WARN_UNINITIALIZED_AUTOS = YES_AGGRESSIVE;
				GCC_WARN_UNUSED_FUNCTION = YES;
				GCC_WARN_UNUSED_VARIABLE = YES;
				IPHONEOS_DEPLOYMENT_TARGET = 16.2;
				MTL_ENABLE_DEBUG_INFO = NO;
				MTL_FAST_MATH = YES;
				SDKROOT = iphoneos;
				SWIFT_COMPILATION_MODE = wholemodule;
				SWIFT_OPTIMIZATION_LEVEL = "-O";
				VALIDATE_PRODUCT = YES;
			};
			name = Release;
		};
		6904AB1A295645DD002D03A1 /* Debug */ = {
			isa = XCBuildConfiguration;
			buildSettings = {
				ASSETCATALOG_COMPILER_APPICON_NAME = AppIcon;
				ASSETCATALOG_COMPILER_GLOBAL_ACCENT_COLOR_NAME = AccentColor;
				CODE_SIGN_STYLE = Automatic;
				CURRENT_PROJECT_VERSION = 1;
				DEVELOPMENT_TEAM = S4BKVCHC28;
				GENERATE_INFOPLIST_FILE = YES;
				INFOPLIST_FILE = Chat/Info.plist;
				INFOPLIST_KEY_UIApplicationSupportsIndirectInputEvents = YES;
				INFOPLIST_KEY_UILaunchStoryboardName = LaunchScreen;
				INFOPLIST_KEY_UIMainStoryboardFile = Main;
				INFOPLIST_KEY_UISupportedInterfaceOrientations_iPad = "UIInterfaceOrientationPortrait UIInterfaceOrientationPortraitUpsideDown UIInterfaceOrientationLandscapeLeft UIInterfaceOrientationLandscapeRight";
				INFOPLIST_KEY_UISupportedInterfaceOrientations_iPhone = "UIInterfaceOrientationPortrait UIInterfaceOrientationLandscapeLeft UIInterfaceOrientationLandscapeRight";
				LD_RUNPATH_SEARCH_PATHS = (
					"$(inherited)",
					"@executable_path/Frameworks",
				);
				MARKETING_VERSION = 1.0;
				PRODUCT_BUNDLE_IDENTIFIER = com.bdriah.Chat;
				PRODUCT_NAME = "$(TARGET_NAME)";
				SWIFT_EMIT_LOC_STRINGS = YES;
				SWIFT_VERSION = 5.0;
				TARGETED_DEVICE_FAMILY = "1,2";
			};
			name = Debug;
		};
		6904AB1B295645DD002D03A1 /* Release */ = {
			isa = XCBuildConfiguration;
			buildSettings = {
				ASSETCATALOG_COMPILER_APPICON_NAME = AppIcon;
				ASSETCATALOG_COMPILER_GLOBAL_ACCENT_COLOR_NAME = AccentColor;
				CODE_SIGN_STYLE = Automatic;
				CURRENT_PROJECT_VERSION = 1;
				DEVELOPMENT_TEAM = S4BKVCHC28;
				GENERATE_INFOPLIST_FILE = YES;
				INFOPLIST_FILE = Chat/Info.plist;
				INFOPLIST_KEY_UIApplicationSupportsIndirectInputEvents = YES;
				INFOPLIST_KEY_UILaunchStoryboardName = LaunchScreen;
				INFOPLIST_KEY_UIMainStoryboardFile = Main;
				INFOPLIST_KEY_UISupportedInterfaceOrientations_iPad = "UIInterfaceOrientationPortrait UIInterfaceOrientationPortraitUpsideDown UIInterfaceOrientationLandscapeLeft UIInterfaceOrientationLandscapeRight";
				INFOPLIST_KEY_UISupportedInterfaceOrientations_iPhone = "UIInterfaceOrientationPortrait UIInterfaceOrientationLandscapeLeft UIInterfaceOrientationLandscapeRight";
				LD_RUNPATH_SEARCH_PATHS = (
					"$(inherited)",
					"@executable_path/Frameworks",
				);
				MARKETING_VERSION = 1.0;
				PRODUCT_BUNDLE_IDENTIFIER = com.bdriah.Chat;
				PRODUCT_NAME = "$(TARGET_NAME)";
				SWIFT_EMIT_LOC_STRINGS = YES;
				SWIFT_VERSION = 5.0;
				TARGETED_DEVICE_FAMILY = "1,2";
			};
			name = Release;
		};
/* End XCBuildConfiguration section */

/* Begin XCConfigurationList section */
		6904AAFD295645DC002D03A1 /* Build configuration list for PBXProject "Chat" */ = {
			isa = XCConfigurationList;
			buildConfigurations = (
				6904AB17295645DD002D03A1 /* Debug */,
				6904AB18295645DD002D03A1 /* Release */,
			);
			defaultConfigurationIsVisible = 0;
			defaultConfigurationName = Release;
		};
		6904AB19295645DD002D03A1 /* Build configuration list for PBXNativeTarget "Chat" */ = {
			isa = XCConfigurationList;
			buildConfigurations = (
				6904AB1A295645DD002D03A1 /* Debug */,
				6904AB1B295645DD002D03A1 /* Release */,
			);
			defaultConfigurationIsVisible = 0;
			defaultConfigurationName = Release;
		};
/* End XCConfigurationList section */

/* Begin XCRemoteSwiftPackageReference section */
		6922871929669C310097B7A8 /* XCRemoteSwiftPackageReference "NVActivityIndicatorView" */ = {
			isa = XCRemoteSwiftPackageReference;
			repositoryURL = "https://github.com/ninjaprox/NVActivityIndicatorView";
			requirement = {
				branch = master;
				kind = branch;
			};
		};
		6922871E2966A07F0097B7A8 /* XCRemoteSwiftPackageReference "firebase-ios-sdk" */ = {
			isa = XCRemoteSwiftPackageReference;
			repositoryURL = "https://github.com/firebase/firebase-ios-sdk";
			requirement = {
				kind = upToNextMajorVersion;
				minimumVersion = 9.0.0;
			};
		};
		6922875529673C7B0097B7A8 /* XCRemoteSwiftPackageReference "IQKeyboardManager" */ = {
			isa = XCRemoteSwiftPackageReference;
			repositoryURL = "https://github.com/hackiftekhar/IQKeyboardManager";
			requirement = {
				branch = master;
				kind = branch;
			};
		};
/* End XCRemoteSwiftPackageReference section */

/* Begin XCSwiftPackageProductDependency section */
		6922871A29669C310097B7A8 /* NVActivityIndicatorView */ = {
			isa = XCSwiftPackageProductDependency;
			package = 6922871929669C310097B7A8 /* XCRemoteSwiftPackageReference "NVActivityIndicatorView" */;
			productName = NVActivityIndicatorView;
		};
		6922871C29669C310097B7A8 /* NVActivityIndicatorViewExtended */ = {
			isa = XCSwiftPackageProductDependency;
			package = 6922871929669C310097B7A8 /* XCRemoteSwiftPackageReference "NVActivityIndicatorView" */;
			productName = NVActivityIndicatorViewExtended;
		};
		6922871F2966A07F0097B7A8 /* FirebaseAnalytics */ = {
			isa = XCSwiftPackageProductDependency;
			package = 6922871E2966A07F0097B7A8 /* XCRemoteSwiftPackageReference "firebase-ios-sdk" */;
			productName = FirebaseAnalytics;
		};
		692287212966A07F0097B7A8 /* FirebaseAnalyticsOnDeviceConversion */ = {
			isa = XCSwiftPackageProductDependency;
			package = 6922871E2966A07F0097B7A8 /* XCRemoteSwiftPackageReference "firebase-ios-sdk" */;
			productName = FirebaseAnalyticsOnDeviceConversion;
		};
		692287232966A07F0097B7A8 /* FirebaseAnalyticsSwift */ = {
			isa = XCSwiftPackageProductDependency;
			package = 6922871E2966A07F0097B7A8 /* XCRemoteSwiftPackageReference "firebase-ios-sdk" */;
			productName = FirebaseAnalyticsSwift;
		};
		692287252966A07F0097B7A8 /* FirebaseAnalyticsWithoutAdIdSupport */ = {
			isa = XCSwiftPackageProductDependency;
			package = 6922871E2966A07F0097B7A8 /* XCRemoteSwiftPackageReference "firebase-ios-sdk" */;
			productName = FirebaseAnalyticsWithoutAdIdSupport;
		};
		692287272966A07F0097B7A8 /* FirebaseAppCheck */ = {
			isa = XCSwiftPackageProductDependency;
			package = 6922871E2966A07F0097B7A8 /* XCRemoteSwiftPackageReference "firebase-ios-sdk" */;
			productName = FirebaseAppCheck;
		};
		692287292966A07F0097B7A8 /* FirebaseAppDistribution-Beta */ = {
			isa = XCSwiftPackageProductDependency;
			package = 6922871E2966A07F0097B7A8 /* XCRemoteSwiftPackageReference "firebase-ios-sdk" */;
			productName = "FirebaseAppDistribution-Beta";
		};
		6922872B2966A07F0097B7A8 /* FirebaseAuth */ = {
			isa = XCSwiftPackageProductDependency;
			package = 6922871E2966A07F0097B7A8 /* XCRemoteSwiftPackageReference "firebase-ios-sdk" */;
			productName = FirebaseAuth;
		};
		6922872D2966A07F0097B7A8 /* FirebaseAuthCombine-Community */ = {
			isa = XCSwiftPackageProductDependency;
			package = 6922871E2966A07F0097B7A8 /* XCRemoteSwiftPackageReference "firebase-ios-sdk" */;
			productName = "FirebaseAuthCombine-Community";
		};
		6922872F2966A07F0097B7A8 /* FirebaseCrashlytics */ = {
			isa = XCSwiftPackageProductDependency;
			package = 6922871E2966A07F0097B7A8 /* XCRemoteSwiftPackageReference "firebase-ios-sdk" */;
			productName = FirebaseCrashlytics;
		};
		692287312966A07F0097B7A8 /* FirebaseDatabase */ = {
			isa = XCSwiftPackageProductDependency;
			package = 6922871E2966A07F0097B7A8 /* XCRemoteSwiftPackageReference "firebase-ios-sdk" */;
			productName = FirebaseDatabase;
		};
		692287332966A07F0097B7A8 /* FirebaseDatabaseSwift */ = {
			isa = XCSwiftPackageProductDependency;
			package = 6922871E2966A07F0097B7A8 /* XCRemoteSwiftPackageReference "firebase-ios-sdk" */;
			productName = FirebaseDatabaseSwift;
		};
		692287352966A07F0097B7A8 /* FirebaseDynamicLinks */ = {
			isa = XCSwiftPackageProductDependency;
			package = 6922871E2966A07F0097B7A8 /* XCRemoteSwiftPackageReference "firebase-ios-sdk" */;
			productName = FirebaseDynamicLinks;
		};
		692287372966A07F0097B7A8 /* FirebaseFirestore */ = {
			isa = XCSwiftPackageProductDependency;
			package = 6922871E2966A07F0097B7A8 /* XCRemoteSwiftPackageReference "firebase-ios-sdk" */;
			productName = FirebaseFirestore;
		};
		692287392966A07F0097B7A8 /* FirebaseFirestoreCombine-Community */ = {
			isa = XCSwiftPackageProductDependency;
			package = 6922871E2966A07F0097B7A8 /* XCRemoteSwiftPackageReference "firebase-ios-sdk" */;
			productName = "FirebaseFirestoreCombine-Community";
		};
		6922873B2966A07F0097B7A8 /* FirebaseFirestoreSwift */ = {
			isa = XCSwiftPackageProductDependency;
			package = 6922871E2966A07F0097B7A8 /* XCRemoteSwiftPackageReference "firebase-ios-sdk" */;
			productName = FirebaseFirestoreSwift;
		};
		6922873D2966A07F0097B7A8 /* FirebaseFunctions */ = {
			isa = XCSwiftPackageProductDependency;
			package = 6922871E2966A07F0097B7A8 /* XCRemoteSwiftPackageReference "firebase-ios-sdk" */;
			productName = FirebaseFunctions;
		};
		6922873F2966A07F0097B7A8 /* FirebaseFunctionsCombine-Community */ = {
			isa = XCSwiftPackageProductDependency;
			package = 6922871E2966A07F0097B7A8 /* XCRemoteSwiftPackageReference "firebase-ios-sdk" */;
			productName = "FirebaseFunctionsCombine-Community";
		};
		692287412966A07F0097B7A8 /* FirebaseInAppMessaging-Beta */ = {
			isa = XCSwiftPackageProductDependency;
			package = 6922871E2966A07F0097B7A8 /* XCRemoteSwiftPackageReference "firebase-ios-sdk" */;
			productName = "FirebaseInAppMessaging-Beta";
		};
		692287432966A07F0097B7A8 /* FirebaseInAppMessagingSwift-Beta */ = {
			isa = XCSwiftPackageProductDependency;
			package = 6922871E2966A07F0097B7A8 /* XCRemoteSwiftPackageReference "firebase-ios-sdk" */;
			productName = "FirebaseInAppMessagingSwift-Beta";
		};
		692287452966A07F0097B7A8 /* FirebaseInstallations */ = {
			isa = XCSwiftPackageProductDependency;
			package = 6922871E2966A07F0097B7A8 /* XCRemoteSwiftPackageReference "firebase-ios-sdk" */;
			productName = FirebaseInstallations;
		};
		692287472966A07F0097B7A8 /* FirebaseMLModelDownloader */ = {
			isa = XCSwiftPackageProductDependency;
			package = 6922871E2966A07F0097B7A8 /* XCRemoteSwiftPackageReference "firebase-ios-sdk" */;
			productName = FirebaseMLModelDownloader;
		};
		692287492966A07F0097B7A8 /* FirebaseMessaging */ = {
			isa = XCSwiftPackageProductDependency;
			package = 6922871E2966A07F0097B7A8 /* XCRemoteSwiftPackageReference "firebase-ios-sdk" */;
			productName = FirebaseMessaging;
		};
		6922874B2966A07F0097B7A8 /* FirebasePerformance */ = {
			isa = XCSwiftPackageProductDependency;
			package = 6922871E2966A07F0097B7A8 /* XCRemoteSwiftPackageReference "firebase-ios-sdk" */;
			productName = FirebasePerformance;
		};
		6922874D2966A07F0097B7A8 /* FirebaseRemoteConfig */ = {
			isa = XCSwiftPackageProductDependency;
			package = 6922871E2966A07F0097B7A8 /* XCRemoteSwiftPackageReference "firebase-ios-sdk" */;
			productName = FirebaseRemoteConfig;
		};
		6922874F2966A07F0097B7A8 /* FirebaseRemoteConfigSwift */ = {
			isa = XCSwiftPackageProductDependency;
			package = 6922871E2966A07F0097B7A8 /* XCRemoteSwiftPackageReference "firebase-ios-sdk" */;
			productName = FirebaseRemoteConfigSwift;
		};
		692287512966A07F0097B7A8 /* FirebaseStorage */ = {
			isa = XCSwiftPackageProductDependency;
			package = 6922871E2966A07F0097B7A8 /* XCRemoteSwiftPackageReference "firebase-ios-sdk" */;
			productName = FirebaseStorage;
		};
		692287532966A07F0097B7A8 /* FirebaseStorageCombine-Community */ = {
			isa = XCSwiftPackageProductDependency;
			package = 6922871E2966A07F0097B7A8 /* XCRemoteSwiftPackageReference "firebase-ios-sdk" */;
			productName = "FirebaseStorageCombine-Community";
		};
		6922875629673C7B0097B7A8 /* IQKeyboardManagerSwift */ = {
			isa = XCSwiftPackageProductDependency;
			package = 6922875529673C7B0097B7A8 /* XCRemoteSwiftPackageReference "IQKeyboardManager" */;
			productName = IQKeyboardManagerSwift;
		};
/* End XCSwiftPackageProductDependency section */

/* Begin XCVersionGroup section */
		6904AB0E295645DC002D03A1 /* Chat.xcdatamodeld */ = {
			isa = XCVersionGroup;
			children = (
				6904AB0F295645DC002D03A1 /* Chat.xcdatamodel */,
			);
			currentVersion = 6904AB0F295645DC002D03A1 /* Chat.xcdatamodel */;
			path = Chat.xcdatamodeld;
			sourceTree = "<group>";
			versionGroupType = wrapper.xcdatamodel;
		};
/* End XCVersionGroup section */
	};
	rootObject = 6904AAFA295645DC002D03A1 /* Project object */;
}
